
Microsoft Visual Studio Solution File, Format Version 12.00
# Visual Studio Version 16
VisualStudioVersion = 16.0.29201.188
MinimumVisualStudioVersion = 10.0.40219.1
Project("{FAE04EC0-301F-11D3-BF4B-00C04F79EFBC}") = "Enums", "Enums.csproj", "{A2163114-B71B-46DE-9F1A-AC1B28A188C7}"
EndProject
Global
	GlobalSection(SolutionConfigurationPlatforms) = preSolution
		Debug|Any CPU = Debug|Any CPU
		Release|Any CPU = Release|Any CPU
	EndGlobalSection
	GlobalSection(ProjectConfigurationPlatforms) = postSolution
		{A2163114-B71B-46DE-9F1A-AC1B28A188C7}.Debug|Any CPU.ActiveCfg = Debug|Any CPU
		{A2163114-B71B-46DE-9F1A-AC1B28A188C7}.Debug|Any CPU.Build.0 = Debug|Any CPU
		{A2163114-B71B-46DE-9F1A-AC1B28A188C7}.Release|Any CPU.ActiveCfg = Release|Any CPU
		{A2163114-B71B-46DE-9F1A-AC1B28A188C7}.Release|Any CPU.Build.0 = Release|Any CPU
	EndGlobalSection
	GlobalSection(SolutionProperties) = preSolution
		HideSolutionNode = FALSE
	EndGlobalSection
	GlobalSection(ExtensibilityGlobals) = postSolution
		SolutionGuid = {EFC10F4A-05A0-4FDE-8514-AB1EE252D3B2}
	EndGlobalSection
EndGlobal
