
Microsoft Visual Studio Solution File, Format Version 12.00
# Visual Studio Version 16
VisualStudioVersion = 16.0.29911.84
MinimumVisualStudioVersion = 10.0.40219.1
Project("{FAE04EC0-301F-11D3-BF4B-00C04F79EFBC}") = "Working with Directories", "Working with Directories.csproj", "{AD5DC144-CE00-43C0-BF10-2CD11CD224AA}"
EndProject
Global
	GlobalSection(SolutionConfigurationPlatforms) = preSolution
		Debug|Any CPU = Debug|Any CPU
		Release|Any CPU = Release|Any CPU
	EndGlobalSection
	GlobalSection(ProjectConfigurationPlatforms) = postSolution
		{AD5DC144-CE00-43C0-BF10-2CD11CD224AA}.Debug|Any CPU.ActiveCfg = Debug|Any CPU
		{AD5DC144-CE00-43C0-BF10-2CD11CD224AA}.Debug|Any CPU.Build.0 = Debug|Any CPU
		{AD5DC144-CE00-43C0-BF10-2CD11CD224AA}.Release|Any CPU.ActiveCfg = Release|Any CPU
		{AD5DC144-CE00-43C0-BF10-2CD11CD224AA}.Release|Any CPU.Build.0 = Release|Any CPU
	EndGlobalSection
	GlobalSection(SolutionProperties) = preSolution
		HideSolutionNode = FALSE
	EndGlobalSection
	GlobalSection(ExtensibilityGlobals) = postSolution
		SolutionGuid = {14D38DF4-B4D9-483F-A66A-58E7B2676055}
	EndGlobalSection
EndGlobal
