
Microsoft Visual Studio Solution File, Format Version 12.00
# Visual Studio Version 16
VisualStudioVersion = 16.0.30225.117
MinimumVisualStudioVersion = 10.0.40219.1
Project("{FAE04EC0-301F-11D3-BF4B-00C04F79EFBC}") = "Indexer", "Indexer.csproj", "{40287404-6611-4BA3-BEBB-C0DA950E9A47}"
EndProject
Global
	GlobalSection(SolutionConfigurationPlatforms) = preSolution
		Debug|Any CPU = Debug|Any CPU
		Release|Any CPU = Release|Any CPU
	EndGlobalSection
	GlobalSection(ProjectConfigurationPlatforms) = postSolution
		{40287404-6611-4BA3-BEBB-C0DA950E9A47}.Debug|Any CPU.ActiveCfg = Debug|Any CPU
		{40287404-6611-4BA3-BEBB-C0DA950E9A47}.Debug|Any CPU.Build.0 = Debug|Any CPU
		{40287404-6611-4BA3-BEBB-C0DA950E9A47}.Release|Any CPU.ActiveCfg = Release|Any CPU
		{40287404-6611-4BA3-BEBB-C0DA950E9A47}.Release|Any CPU.Build.0 = Release|Any CPU
	EndGlobalSection
	GlobalSection(SolutionProperties) = preSolution
		HideSolutionNode = FALSE
	EndGlobalSection
	GlobalSection(ExtensibilityGlobals) = postSolution
		SolutionGuid = {9CC877B2-39BA-46BB-8552-39F771CD452A}
	EndGlobalSection
EndGlobal
