
Microsoft Visual Studio Solution File, Format Version 12.00
# Visual Studio Version 16
VisualStudioVersion = 16.0.29201.188
MinimumVisualStudioVersion = 10.0.40219.1
Project("{FAE04EC0-301F-11D3-BF4B-00C04F79EFBC}") = "Arrays2Demo", "Arrays2Demo.csproj", "{C88B1CE4-A6B7-4F40-B543-B198A1459793}"
EndProject
Global
	GlobalSection(SolutionConfigurationPlatforms) = preSolution
		Debug|Any CPU = Debug|Any CPU
		Release|Any CPU = Release|Any CPU
	EndGlobalSection
	GlobalSection(ProjectConfigurationPlatforms) = postSolution
		{C88B1CE4-A6B7-4F40-B543-B198A1459793}.Debug|Any CPU.ActiveCfg = Debug|Any CPU
		{C88B1CE4-A6B7-4F40-B543-B198A1459793}.Debug|Any CPU.Build.0 = Debug|Any CPU
		{C88B1CE4-A6B7-4F40-B543-B198A1459793}.Release|Any CPU.ActiveCfg = Release|Any CPU
		{C88B1CE4-A6B7-4F40-B543-B198A1459793}.Release|Any CPU.Build.0 = Release|Any CPU
	EndGlobalSection
	GlobalSection(SolutionProperties) = preSolution
		HideSolutionNode = FALSE
	EndGlobalSection
	GlobalSection(ExtensibilityGlobals) = postSolution
		SolutionGuid = {DF136B0E-0CFF-4661-9863-1CCD756F5456}
	EndGlobalSection
EndGlobal
